
Microsoft Visual Studio Solution File, Format Version 12.00
# Visual Studio Version 16
VisualStudioVersion = 16.0.30309.148
MinimumVisualStudioVersion = 10.0.40219.1
Project("{FAE04EC0-301F-11D3-BF4B-00C04F79EFBC}") = "HelloCsharpWorld", "HelloCsharpWorld\HelloCsharpWorld.csproj", "{67AE510B-6A5C-41F8-95FD-88733C498FEB}"
EndProject
Global
	GlobalSection(SolutionConfigurationPlatforms) = preSolution
		Debug|Any CPU = Debug|Any CPU
		Release|Any CPU = Release|Any CPU
	EndGlobalSection
	GlobalSection(ProjectConfigurationPlatforms) = postSolution
		{67AE510B-6A5C-41F8-95FD-88733C498FEB}.Debug|Any CPU.ActiveCfg = Debug|Any CPU
		{67AE510B-6A5C-41F8-95FD-88733C498FEB}.Debug|Any CPU.Build.0 = Debug|Any CPU
		{67AE510B-6A5C-41F8-95FD-88733C498FEB}.Release|Any CPU.ActiveCfg = Release|Any CPU
		{67AE510B-6A5C-41F8-95FD-88733C498FEB}.Release|Any CPU.Build.0 = Release|Any CPU
	EndGlobalSection
	GlobalSection(SolutionProperties) = preSolution
		HideSolutionNode = FALSE
	EndGlobalSection
	GlobalSection(ExtensibilityGlobals) = postSolution
		SolutionGuid = {BB13AE4A-4CF0-4DCD-A9ED-E18335561AD8}
	EndGlobalSection
EndGlobal
